
Microsoft Visual Studio Solution File, Format Version 12.00
# Visual Studio Version 17
VisualStudioVersion = 17.14.36109.1 d17.14
MinimumVisualStudioVersion = 10.0.40219.1
Project("{FAE04EC0-301F-11D3-BF4B-00C04F79EFBC}") = "ejercicio1", "guia7\ejercicio1.csproj", "{08417080-5480-4C36-88A4-B9138DA868B4}"
EndProject
Project("{FAE04EC0-301F-11D3-BF4B-00C04F79EFBC}") = "ejercicio2", "ejercicio2\ejercicio2.csproj", "{2A86420B-72DF-4FFB-B295-E50E353FB13E}"
EndProject
Project("{FAE04EC0-301F-11D3-BF4B-00C04F79EFBC}") = "ejercicio3", "ejercicio3\ejercicio3.csproj", "{17C8141F-BB2B-4A85-AD46-9C2755D31606}"
EndProject
Global
	GlobalSection(SolutionConfigurationPlatforms) = preSolution
		Debug|Any CPU = Debug|Any CPU
		Release|Any CPU = Release|Any CPU
	EndGlobalSection
	GlobalSection(ProjectConfigurationPlatforms) = postSolution
		{08417080-5480-4C36-88A4-B9138DA868B4}.Debug|Any CPU.ActiveCfg = Debug|Any CPU
		{08417080-5480-4C36-88A4-B9138DA868B4}.Debug|Any CPU.Build.0 = Debug|Any CPU
		{08417080-5480-4C36-88A4-B9138DA868B4}.Release|Any CPU.ActiveCfg = Release|Any CPU
		{08417080-5480-4C36-88A4-B9138DA868B4}.Release|Any CPU.Build.0 = Release|Any CPU
		{2A86420B-72DF-4FFB-B295-E50E353FB13E}.Debug|Any CPU.ActiveCfg = Debug|Any CPU
		{2A86420B-72DF-4FFB-B295-E50E353FB13E}.Debug|Any CPU.Build.0 = Debug|Any CPU
		{2A86420B-72DF-4FFB-B295-E50E353FB13E}.Release|Any CPU.ActiveCfg = Release|Any CPU
		{2A86420B-72DF-4FFB-B295-E50E353FB13E}.Release|Any CPU.Build.0 = Release|Any CPU
		{17C8141F-BB2B-4A85-AD46-9C2755D31606}.Debug|Any CPU.ActiveCfg = Debug|Any CPU
		{17C8141F-BB2B-4A85-AD46-9C2755D31606}.Debug|Any CPU.Build.0 = Debug|Any CPU
		{17C8141F-BB2B-4A85-AD46-9C2755D31606}.Release|Any CPU.ActiveCfg = Release|Any CPU
		{17C8141F-BB2B-4A85-AD46-9C2755D31606}.Release|Any CPU.Build.0 = Release|Any CPU
	EndGlobalSection
	GlobalSection(SolutionProperties) = preSolution
		HideSolutionNode = FALSE
	EndGlobalSection
	GlobalSection(ExtensibilityGlobals) = postSolution
		SolutionGuid = {5C039467-2F2C-4315-8FD7-E2D3B3370F37}
	EndGlobalSection
EndGlobal
